
Microsoft Visual Studio Solution File, Format Version 12.00
# Visual Studio Version 16
VisualStudioVersion = 16.0.28803.202
MinimumVisualStudioVersion = 10.0.40219.1
Project("{2150E333-8FDC-42A3-9474-1A3956D46DE8}") = "src", "src", "{411A737E-74E6-4FEA-B691-7AE601141C3F}"
EndProject
Project("{2150E333-8FDC-42A3-9474-1A3956D46DE8}") = "test", "test", "{E6F38815-5028-4EE3-8539-B559D9C58378}"
EndProject
Project("{FAE04EC0-301F-11D3-BF4B-00C04F79EFBC}") = "Functions", "src\Functions\Functions.csproj", "{36B7D763-6BB6-4411-AFE4-A4BE533CF0C5}"
EndProject
Global
	GlobalSection(SolutionConfigurationPlatforms) = preSolution
		Debug|Any CPU = Debug|Any CPU
		Release|Any CPU = Release|Any CPU
	EndGlobalSection
	GlobalSection(ProjectConfigurationPlatforms) = postSolution
		{36B7D763-6BB6-4411-AFE4-A4BE533CF0C5}.Debug|Any CPU.ActiveCfg = Debug|Any CPU
		{36B7D763-6BB6-4411-AFE4-A4BE533CF0C5}.Debug|Any CPU.Build.0 = Debug|Any CPU
		{36B7D763-6BB6-4411-AFE4-A4BE533CF0C5}.Release|Any CPU.ActiveCfg = Release|Any CPU
		{36B7D763-6BB6-4411-AFE4-A4BE533CF0C5}.Release|Any CPU.Build.0 = Release|Any CPU
	EndGlobalSection
	GlobalSection(SolutionProperties) = preSolution
		HideSolutionNode = FALSE
	EndGlobalSection
	GlobalSection(NestedProjects) = preSolution
		{36B7D763-6BB6-4411-AFE4-A4BE533CF0C5} = {411A737E-74E6-4FEA-B691-7AE601141C3F}
	EndGlobalSection
	GlobalSection(ExtensibilityGlobals) = postSolution
		SolutionGuid = {64EF4523-AD47-498A-ABD7-A2577956608C}
	EndGlobalSection
EndGlobal
